
Microsoft Visual Studio Solution File, Format Version 12.00
# Visual Studio 15
VisualStudioVersion = 15.0.27004.2002
MinimumVisualStudioVersion = 10.0.40219.1
Project("{FAE04EC0-301F-11D3-BF4B-00C04F79EFBC}") = "ConsoleApp3", "ConsoleApp3\ConsoleApp3.csproj", "{18877883-2BA7-48C6-80D8-84D3C44FF8BA}"
EndProject
Global
	GlobalSection(SolutionConfigurationPlatforms) = preSolution
		Debug|Any CPU = Debug|Any CPU
		Release|Any CPU = Release|Any CPU
	EndGlobalSection
	GlobalSection(ProjectConfigurationPlatforms) = postSolution
		{18877883-2BA7-48C6-80D8-84D3C44FF8BA}.Debug|Any CPU.ActiveCfg = Debug|Any CPU
		{18877883-2BA7-48C6-80D8-84D3C44FF8BA}.Debug|Any CPU.Build.0 = Debug|Any CPU
		{18877883-2BA7-48C6-80D8-84D3C44FF8BA}.Release|Any CPU.ActiveCfg = Release|Any CPU
		{18877883-2BA7-48C6-80D8-84D3C44FF8BA}.Release|Any CPU.Build.0 = Release|Any CPU
	EndGlobalSection
	GlobalSection(SolutionProperties) = preSolution
		HideSolutionNode = FALSE
	EndGlobalSection
	GlobalSection(ExtensibilityGlobals) = postSolution
		SolutionGuid = {0FC3D917-3585-4DF8-80B7-BACD7C093F82}
	EndGlobalSection
EndGlobal
